
Microsoft Visual Studio Solution File, Format Version 12.00
# Visual Studio 15
VisualStudioVersion = 15.0.28307.421
MinimumVisualStudioVersion = 10.0.40219.1
Project("{FAE04EC0-301F-11D3-BF4B-00C04F79EFBC}") = "SimpleDependency", "SimpleDependency\SimpleDependency.csproj", "{49AE98CB-51DF-4BC1-9C25-C10FD4E2333A}"
EndProject
Project("{FAE04EC0-301F-11D3-BF4B-00C04F79EFBC}") = "MessagePrinter", "MessagePrinter\MessagePrinter.csproj", "{73DF0064-1F38-4CD1-97CD-C020A610BF7F}"
EndProject
Global
	GlobalSection(SolutionConfigurationPlatforms) = preSolution
		Debug|Any CPU = Debug|Any CPU
		Release|Any CPU = Release|Any CPU
	EndGlobalSection
	GlobalSection(ProjectConfigurationPlatforms) = postSolution
		{49AE98CB-51DF-4BC1-9C25-C10FD4E2333A}.Debug|Any CPU.ActiveCfg = Debug|Any CPU
		{49AE98CB-51DF-4BC1-9C25-C10FD4E2333A}.Debug|Any CPU.Build.0 = Debug|Any CPU
		{49AE98CB-51DF-4BC1-9C25-C10FD4E2333A}.Release|Any CPU.ActiveCfg = Release|Any CPU
		{49AE98CB-51DF-4BC1-9C25-C10FD4E2333A}.Release|Any CPU.Build.0 = Release|Any CPU
		{73DF0064-1F38-4CD1-97CD-C020A610BF7F}.Debug|Any CPU.ActiveCfg = Debug|Any CPU
		{73DF0064-1F38-4CD1-97CD-C020A610BF7F}.Debug|Any CPU.Build.0 = Debug|Any CPU
		{73DF0064-1F38-4CD1-97CD-C020A610BF7F}.Release|Any CPU.ActiveCfg = Release|Any CPU
		{73DF0064-1F38-4CD1-97CD-C020A610BF7F}.Release|Any CPU.Build.0 = Release|Any CPU
	EndGlobalSection
	GlobalSection(SolutionProperties) = preSolution
		HideSolutionNode = FALSE
	EndGlobalSection
	GlobalSection(ExtensibilityGlobals) = postSolution
		SolutionGuid = {D3BDD111-2AE9-4565-8CB4-CDBE640BB12E}
	EndGlobalSection
EndGlobal
